// !$*UTF8*$!
{
	archiveVersion = 1;
	classes = {
	};
	objectVersion = 55;
	objects = {

/* Begin PBXBuildFile section */
		4ABE94E9285266F100A11B7F /* D10 in Resources */ = {isa = PBXBuildFile; fileRef = 4ABE94E3285266ED00A11B7F /* D10 */; };
		4ABE94EA285266F100A11B7F /* D12 in Resources */ = {isa = PBXBuildFile; fileRef = 4ABE94E4285266EE00A11B7F /* D12 */; };
		4ABE94EB285266F100A11B7F /* D20 in Resources */ = {isa = PBXBuildFile; fileRef = 4ABE94E5285266EF00A11B7F /* D20 */; };
		4ABE94EC285266F100A11B7F /* D8 in Resources */ = {isa = PBXBuildFile; fileRef = 4ABE94E6285266F000A11B7F /* D8 */; };
		4ABE94ED285266F100A11B7F /* D6 in Resources */ = {isa = PBXBuildFile; fileRef = 4ABE94E7285266F000A11B7F /* D6 */; };
		4ABE94EE285266F100A11B7F /* D4 in Resources */ = {isa = PBXBuildFile; fileRef = 4ABE94E8285266F100A11B7F /* D4 */; };
		A0148DB828525ADF00B0869A /* Dice.swift in Sources */ = {isa = PBXBuildFile; fileRef = A0148DB728525ADF00B0869A /* Dice.swift */; };
		A0FC3D08284F93C400E09C7A /* AppDelegate.swift in Sources */ = {isa = PBXBuildFile; fileRef = A0FC3D07284F93C400E09C7A /* AppDelegate.swift */; };
		A0FC3D0A284F93C400E09C7A /* ContentView.swift in Sources */ = {isa = PBXBuildFile; fileRef = A0FC3D09284F93C400E09C7A /* ContentView.swift */; };
		A0FC3D0C284F93C400E09C7A /* Experience.rcproject in Sources */ = {isa = PBXBuildFile; fileRef = A0FC3D0B284F93C400E09C7A /* Experience.rcproject */; };
		A0FC3D0E284F93C600E09C7A /* Assets.xcassets in Resources */ = {isa = PBXBuildFile; fileRef = A0FC3D0D284F93C600E09C7A /* Assets.xcassets */; };
		A0FC3D11284F93C600E09C7A /* Preview Assets.xcassets in Resources */ = {isa = PBXBuildFile; fileRef = A0FC3D10284F93C600E09C7A /* Preview Assets.xcassets */; };
		A0FC3D19284FBD1D00E09C7A /* FocusEntity in Frameworks */ = {isa = PBXBuildFile; productRef = A0FC3D18284FBD1D00E09C7A /* FocusEntity */; };
		A0FC3D1D284FCD7500E09C7A /* SquareColorComponent.swift in Sources */ = {isa = PBXBuildFile; fileRef = A0FC3D1C284FCD7500E09C7A /* SquareColorComponent.swift */; };
		A0FC3D1F284FE2E500E09C7A /* PopUpComponent.swift in Sources */ = {isa = PBXBuildFile; fileRef = A0FC3D1E284FE2E500E09C7A /* PopUpComponent.swift */; };
/* End PBXBuildFile section */

/* Begin PBXFileReference section */
		4ABE94E3285266ED00A11B7F /* D10 */ = {isa = PBXFileReference; lastKnownFileType = folder; path = D10; sourceTree = "<group>"; };
		4ABE94E4285266EE00A11B7F /* D12 */ = {isa = PBXFileReference; lastKnownFileType = folder; path = D12; sourceTree = "<group>"; };
		4ABE94E5285266EF00A11B7F /* D20 */ = {isa = PBXFileReference; lastKnownFileType = folder; path = D20; sourceTree = "<group>"; };
		4ABE94E6285266F000A11B7F /* D8 */ = {isa = PBXFileReference; lastKnownFileType = folder; path = D8; sourceTree = "<group>"; };
		4ABE94E7285266F000A11B7F /* D6 */ = {isa = PBXFileReference; lastKnownFileType = folder; path = D6; sourceTree = "<group>"; };
		4ABE94E8285266F100A11B7F /* D4 */ = {isa = PBXFileReference; lastKnownFileType = folder; path = D4; sourceTree = "<group>"; };
		A0148DB728525ADF00B0869A /* Dice.swift */ = {isa = PBXFileReference; lastKnownFileType = sourcecode.swift; path = Dice.swift; sourceTree = "<group>"; };
		A0FC3D04284F93C400E09C7A /* Roll.app */ = {isa = PBXFileReference; explicitFileType = wrapper.application; includeInIndex = 0; path = Roll.app; sourceTree = BUILT_PRODUCTS_DIR; };
		A0FC3D07284F93C400E09C7A /* AppDelegate.swift */ = {isa = PBXFileReference; lastKnownFileType = sourcecode.swift; path = AppDelegate.swift; sourceTree = "<group>"; };
		A0FC3D09284F93C400E09C7A /* ContentView.swift */ = {isa = PBXFileReference; lastKnownFileType = sourcecode.swift; path = ContentView.swift; sourceTree = "<group>"; };
		A0FC3D0B284F93C400E09C7A /* Experience.rcproject */ = {isa = PBXFileReference; lastKnownFileType = file.rcproject; path = Experience.rcproject; sourceTree = "<group>"; };
		A0FC3D0D284F93C600E09C7A /* Assets.xcassets */ = {isa = PBXFileReference; lastKnownFileType = folder.assetcatalog; path = Assets.xcassets; sourceTree = "<group>"; };
		A0FC3D10284F93C600E09C7A /* Preview Assets.xcassets */ = {isa = PBXFileReference; lastKnownFileType = folder.assetcatalog; path = "Preview Assets.xcassets"; sourceTree = "<group>"; };
		A0FC3D1C284FCD7500E09C7A /* SquareColorComponent.swift */ = {isa = PBXFileReference; lastKnownFileType = sourcecode.swift; path = SquareColorComponent.swift; sourceTree = "<group>"; };
		A0FC3D1E284FE2E500E09C7A /* PopUpComponent.swift */ = {isa = PBXFileReference; lastKnownFileType = sourcecode.swift; path = PopUpComponent.swift; sourceTree = "<group>"; };
/* End PBXFileReference section */

/* Begin PBXFrameworksBuildPhase section */
		A0FC3D01284F93C400E09C7A /* Frameworks */ = {
			isa = PBXFrameworksBuildPhase;
			buildActionMask = 2147483647;
			files = (
				A0FC3D19284FBD1D00E09C7A /* FocusEntity in Frameworks */,
			);
			runOnlyForDeploymentPostprocessing = 0;
		};
/* End PBXFrameworksBuildPhase section */

/* Begin PBXGroup section */
		A0FC3CFB284F93C400E09C7A = {
			isa = PBXGroup;
			children = (
				A0FC3D06284F93C400E09C7A /* Roll */,
				A0FC3D05284F93C400E09C7A /* Products */,
			);
			sourceTree = "<group>";
		};
		A0FC3D05284F93C400E09C7A /* Products */ = {
			isa = PBXGroup;
			children = (
				A0FC3D04284F93C400E09C7A /* Roll.app */,
			);
			name = Products;
			sourceTree = "<group>";
		};
		A0FC3D06284F93C400E09C7A /* Roll */ = {
			isa = PBXGroup;
			children = (
				4ABE94E8285266F100A11B7F /* D4 */,
				4ABE94E7285266F000A11B7F /* D6 */,
				4ABE94E6285266F000A11B7F /* D8 */,
				4ABE94E3285266ED00A11B7F /* D10 */,
				4ABE94E4285266EE00A11B7F /* D12 */,
				4ABE94E5285266EF00A11B7F /* D20 */,
				A0FC3D07284F93C400E09C7A /* AppDelegate.swift */,
				A0FC3D09284F93C400E09C7A /* ContentView.swift */,
				A0FC3D1C284FCD7500E09C7A /* SquareColorComponent.swift */,
				A0FC3D1E284FE2E500E09C7A /* PopUpComponent.swift */,
				A0148DB728525ADF00B0869A /* Dice.swift */,
				A0FC3D0B284F93C400E09C7A /* Experience.rcproject */,
				A0FC3D0D284F93C600E09C7A /* Assets.xcassets */,
				A0FC3D0F284F93C600E09C7A /* Preview Content */,
			);
			path = Roll;
			sourceTree = "<group>";
		};
		A0FC3D0F284F93C600E09C7A /* Preview Content */ = {
			isa = PBXGroup;
			children = (
				A0FC3D10284F93C600E09C7A /* Preview Assets.xcassets */,
			);
			path = "Preview Content";
			sourceTree = "<group>";
		};
/* End PBXGroup section */

/* Begin PBXNativeTarget section */
		A0FC3D03284F93C400E09C7A /* Roll */ = {
			isa = PBXNativeTarget;
			buildConfigurationList = A0FC3D14284F93C600E09C7A /* Build configuration list for PBXNativeTarget "Roll" */;
			buildPhases = (
				A0FC3D00284F93C400E09C7A /* Sources */,
				A0FC3D01284F93C400E09C7A /* Frameworks */,
				A0FC3D02284F93C400E09C7A /* Resources */,
			);
			buildRules = (
			);
			dependencies = (
			);
			name = Roll;
			packageProductDependencies = (
				A0FC3D18284FBD1D00E09C7A /* FocusEntity */,
			);
			productName = Roll;
			productReference = A0FC3D04284F93C400E09C7A /* Roll.app */;
			productType = "com.apple.product-type.application";
		};
/* End PBXNativeTarget section */

/* Begin PBXProject section */
		A0FC3CFC284F93C400E09C7A /* Project object */ = {
			isa = PBXProject;
			attributes = {
				BuildIndependentTargetsInParallel = 1;
				LastSwiftUpdateCheck = 1330;
				LastUpgradeCheck = 1330;
				TargetAttributes = {
					A0FC3D03284F93C400E09C7A = {
						CreatedOnToolsVersion = 13.3.1;
					};
				};
			};
			buildConfigurationList = A0FC3CFF284F93C400E09C7A /* Build configuration list for PBXProject "Roll" */;
			compatibilityVersion = "Xcode 13.0";
			developmentRegion = en;
			hasScannedForEncodings = 0;
			knownRegions = (
				en,
				Base,
			);
			mainGroup = A0FC3CFB284F93C400E09C7A;
			packageReferences = (
				A0FC3D17284FBD1D00E09C7A /* XCRemoteSwiftPackageReference "FocusEntity" */,
			);
			productRefGroup = A0FC3D05284F93C400E09C7A /* Products */;
			projectDirPath = "";
			projectRoot = "";
			targets = (
				A0FC3D03284F93C400E09C7A /* Roll */,
			);
		};
/* End PBXProject section */

/* Begin PBXResourcesBuildPhase section */
		A0FC3D02284F93C400E09C7A /* Resources */ = {
			isa = PBXResourcesBuildPhase;
			buildActionMask = 2147483647;
			files = (
				4ABE94E9285266F100A11B7F /* D10 in Resources */,
				4ABE94EA285266F100A11B7F /* D12 in Resources */,
				A0FC3D11284F93C600E09C7A /* Preview Assets.xcassets in Resources */,
				4ABE94EB285266F100A11B7F /* D20 in Resources */,
				4ABE94ED285266F100A11B7F /* D6 in Resources */,
				4ABE94EE285266F100A11B7F /* D4 in Resources */,
				4ABE94EC285266F100A11B7F /* D8 in Resources */,
				A0FC3D0E284F93C600E09C7A /* Assets.xcassets in Resources */,
			);
			runOnlyForDeploymentPostprocessing = 0;
		};
/* End PBXResourcesBuildPhase section */

/* Begin PBXSourcesBuildPhase section */
		A0FC3D00284F93C400E09C7A /* Sources */ = {
			isa = PBXSourcesBuildPhase;
			buildActionMask = 2147483647;
			files = (
				A0FC3D1D284FCD7500E09C7A /* SquareColorComponent.swift in Sources */,
				A0FC3D0A284F93C400E09C7A /* ContentView.swift in Sources */,
				A0FC3D1F284FE2E500E09C7A /* PopUpComponent.swift in Sources */,
				A0FC3D08284F93C400E09C7A /* AppDelegate.swift in Sources */,
				A0148DB828525ADF00B0869A /* Dice.swift in Sources */,
				A0FC3D0C284F93C400E09C7A /* Experience.rcproject in Sources */,
			);
			runOnlyForDeploymentPostprocessing = 0;
		};
/* End PBXSourcesBuildPhase section */

/* Begin XCBuildConfiguration section */
		A0FC3D12284F93C600E09C7A /* Debug */ = {
			isa = XCBuildConfiguration;
			buildSettings = {
				ALWAYS_SEARCH_USER_PATHS = NO;
				CLANG_ANALYZER_NONNULL = YES;
				CLANG_ANALYZER_NUMBER_OBJECT_CONVERSION = YES_AGGRESSIVE;
				CLANG_CXX_LANGUAGE_STANDARD = "gnu++17";
				CLANG_ENABLE_MODULES = YES;
				CLANG_ENABLE_OBJC_ARC = YES;
				CLANG_ENABLE_OBJC_WEAK = YES;
				CLANG_WARN_BLOCK_CAPTURE_AUTORELEASING = YES;
				CLANG_WARN_BOOL_CONVERSION = YES;
				CLANG_WARN_COMMA = YES;
				CLANG_WARN_CONSTANT_CONVERSION = YES;
				CLANG_WARN_DEPRECATED_OBJC_IMPLEMENTATIONS = YES;
				CLANG_WARN_DIRECT_OBJC_ISA_USAGE = YES_ERROR;
				CLANG_WARN_DOCUMENTATION_COMMENTS = YES;
				CLANG_WARN_EMPTY_BODY = YES;
				CLANG_WARN_ENUM_CONVERSION = YES;
				CLANG_WARN_INFINITE_RECURSION = YES;
				CLANG_WARN_INT_CONVERSION = YES;
				CLANG_WARN_NON_LITERAL_NULL_CONVERSION = YES;
				CLANG_WARN_OBJC_IMPLICIT_RETAIN_SELF = YES;
				CLANG_WARN_OBJC_LITERAL_CONVERSION = YES;
				CLANG_WARN_OBJC_ROOT_CLASS = YES_ERROR;
				CLANG_WARN_QUOTED_INCLUDE_IN_FRAMEWORK_HEADER = YES;
				CLANG_WARN_RANGE_LOOP_ANALYSIS = YES;
				CLANG_WARN_STRICT_PROTOTYPES = YES;
				CLANG_WARN_SUSPICIOUS_MOVE = YES;
				CLANG_WARN_UNGUARDED_AVAILABILITY = YES_AGGRESSIVE;
				CLANG_WARN_UNREACHABLE_CODE = YES;
				CLANG_WARN__DUPLICATE_METHOD_MATCH = YES;
				COPY_PHASE_STRIP = NO;
				DEBUG_INFORMATION_FORMAT = dwarf;
				ENABLE_STRICT_OBJC_MSGSEND = YES;
				ENABLE_TESTABILITY = YES;
				GCC_C_LANGUAGE_STANDARD = gnu11;
				GCC_DYNAMIC_NO_PIC = NO;
				GCC_NO_COMMON_BLOCKS = YES;
				GCC_OPTIMIZATION_LEVEL = 0;
				GCC_PREPROCESSOR_DEFINITIONS = (
					"DEBUG=1",
					"$(inherited)",
				);
				GCC_WARN_64_TO_32_BIT_CONVERSION = YES;
				GCC_WARN_ABOUT_RETURN_TYPE = YES_ERROR;
				GCC_WARN_UNDECLARED_SELECTOR = YES;
				GCC_WARN_UNINITIALIZED_AUTOS = YES_AGGRESSIVE;
				GCC_WARN_UNUSED_FUNCTION = YES;
				GCC_WARN_UNUSED_VARIABLE = YES;
				IPHONEOS_DEPLOYMENT_TARGET = 15.4;
				MTL_ENABLE_DEBUG_INFO = INCLUDE_SOURCE;
				MTL_FAST_MATH = YES;
				ONLY_ACTIVE_ARCH = YES;
				SDKROOT = iphoneos;
				SWIFT_ACTIVE_COMPILATION_CONDITIONS = DEBUG;
				SWIFT_OPTIMIZATION_LEVEL = "-Onone";
			};
			name = Debug;
		};
		A0FC3D13284F93C600E09C7A /* Release */ = {
			isa = XCBuildConfiguration;
			buildSettings = {
				ALWAYS_SEARCH_USER_PATHS = NO;
				CLANG_ANALYZER_NONNULL = YES;
				CLANG_ANALYZER_NUMBER_OBJECT_CONVERSION = YES_AGGRESSIVE;
				CLANG_CXX_LANGUAGE_STANDARD = "gnu++17";
				CLANG_ENABLE_MODULES = YES;
				CLANG_ENABLE_OBJC_ARC = YES;
				CLANG_ENABLE_OBJC_WEAK = YES;
				CLANG_WARN_BLOCK_CAPTURE_AUTORELEASING = YES;
				CLANG_WARN_BOOL_CONVERSION = YES;
				CLANG_WARN_COMMA = YES;
				CLANG_WARN_CONSTANT_CONVERSION = YES;
				CLANG_WARN_DEPRECATED_OBJC_IMPLEMENTATIONS = YES;
				CLANG_WARN_DIRECT_OBJC_ISA_USAGE = YES_ERROR;
				CLANG_WARN_DOCUMENTATION_COMMENTS = YES;
				CLANG_WARN_EMPTY_BODY = YES;
				CLANG_WARN_ENUM_CONVERSION = YES;
				CLANG_WARN_INFINITE_RECURSION = YES;
				CLANG_WARN_INT_CONVERSION = YES;
				CLANG_WARN_NON_LITERAL_NULL_CONVERSION = YES;
				CLANG_WARN_OBJC_IMPLICIT_RETAIN_SELF = YES;
				CLANG_WARN_OBJC_LITERAL_CONVERSION = YES;
				CLANG_WARN_OBJC_ROOT_CLASS = YES_ERROR;
				CLANG_WARN_QUOTED_INCLUDE_IN_FRAMEWORK_HEADER = YES;
				CLANG_WARN_RANGE_LOOP_ANALYSIS = YES;
				CLANG_WARN_STRICT_PROTOTYPES = YES;
				CLANG_WARN_SUSPICIOUS_MOVE = YES;
				CLANG_WARN_UNGUARDED_AVAILABILITY = YES_AGGRESSIVE;
				CLANG_WARN_UNREACHABLE_CODE = YES;
				CLANG_WARN__DUPLICATE_METHOD_MATCH = YES;
				COPY_PHASE_STRIP = NO;
				DEBUG_INFORMATION_FORMAT = "dwarf-with-dsym";
				ENABLE_NS_ASSERTIONS = NO;
				ENABLE_STRICT_OBJC_MSGSEND = YES;
				GCC_C_LANGUAGE_STANDARD = gnu11;
				GCC_NO_COMMON_BLOCKS = YES;
				GCC_WARN_64_TO_32_BIT_CONVERSION = YES;
				GCC_WARN_ABOUT_RETURN_TYPE = YES_ERROR;
				GCC_WARN_UNDECLARED_SELECTOR = YES;
				GCC_WARN_UNINITIALIZED_AUTOS = YES_AGGRESSIVE;
				GCC_WARN_UNUSED_FUNCTION = YES;
				GCC_WARN_UNUSED_VARIABLE = YES;
				IPHONEOS_DEPLOYMENT_TARGET = 15.4;
				MTL_ENABLE_DEBUG_INFO = NO;
				MTL_FAST_MATH = YES;
				SDKROOT = iphoneos;
				SWIFT_COMPILATION_MODE = wholemodule;
				SWIFT_OPTIMIZATION_LEVEL = "-O";
				VALIDATE_PRODUCT = YES;
			};
			name = Release;
		};
		A0FC3D15284F93C600E09C7A /* Debug */ = {
			isa = XCBuildConfiguration;
			buildSettings = {
				ASSETCATALOG_COMPILER_APPICON_NAME = AppIcon;
				ASSETCATALOG_COMPILER_GLOBAL_ACCENT_COLOR_NAME = AccentColor;
				CODE_SIGN_STYLE = Automatic;
				CURRENT_PROJECT_VERSION = 1;
				DEVELOPMENT_ASSET_PATHS = "\"Roll/Preview Content\"";
				DEVELOPMENT_TEAM = 2A2JAGWQ62;
				ENABLE_PREVIEWS = YES;
				GENERATE_INFOPLIST_FILE = YES;
				INFOPLIST_KEY_NSCameraUsageDescription = "Augmented Reality";
				INFOPLIST_KEY_UIApplicationSupportsIndirectInputEvents = YES;
				INFOPLIST_KEY_UILaunchScreen_Generation = YES;
				INFOPLIST_KEY_UIRequiredDeviceCapabilities = arkit;
				INFOPLIST_KEY_UIStatusBarHidden = YES;
				INFOPLIST_KEY_UISupportedInterfaceOrientations_iPad = "UIInterfaceOrientationPortrait UIInterfaceOrientationPortraitUpsideDown UIInterfaceOrientationLandscapeLeft UIInterfaceOrientationLandscapeRight";
				INFOPLIST_KEY_UISupportedInterfaceOrientations_iPhone = "UIInterfaceOrientationPortrait UIInterfaceOrientationLandscapeLeft UIInterfaceOrientationLandscapeRight";
				LD_RUNPATH_SEARCH_PATHS = (
					"$(inherited)",
					"@executable_path/Frameworks",
				);
				MARKETING_VERSION = 1.0;
				PRODUCT_BUNDLE_IDENTIFIER = com.carolinaortega.Roll;
				PRODUCT_NAME = Roll;
				SWIFT_EMIT_LOC_STRINGS = YES;
				SWIFT_VERSION = 5.0;
				TARGETED_DEVICE_FAMILY = "1,2";
			};
			name = Debug;
		};
		A0FC3D16284F93C600E09C7A /* Release */ = {
			isa = XCBuildConfiguration;
			buildSettings = {
				ASSETCATALOG_COMPILER_APPICON_NAME = AppIcon;
				ASSETCATALOG_COMPILER_GLOBAL_ACCENT_COLOR_NAME = AccentColor;
				CODE_SIGN_STYLE = Automatic;
				CURRENT_PROJECT_VERSION = 1;
				DEVELOPMENT_ASSET_PATHS = "\"Roll/Preview Content\"";
				DEVELOPMENT_TEAM = 2A2JAGWQ62;
				ENABLE_PREVIEWS = YES;
				GENERATE_INFOPLIST_FILE = YES;
				INFOPLIST_KEY_NSCameraUsageDescription = "Augmented Reality";
				INFOPLIST_KEY_UIApplicationSupportsIndirectInputEvents = YES;
				INFOPLIST_KEY_UILaunchScreen_Generation = YES;
				INFOPLIST_KEY_UIRequiredDeviceCapabilities = arkit;
				INFOPLIST_KEY_UIStatusBarHidden = YES;
				INFOPLIST_KEY_UISupportedInterfaceOrientations_iPad = "UIInterfaceOrientationPortrait UIInterfaceOrientationPortraitUpsideDown UIInterfaceOrientationLandscapeLeft UIInterfaceOrientationLandscapeRight";
				INFOPLIST_KEY_UISupportedInterfaceOrientations_iPhone = "UIInterfaceOrientationPortrait UIInterfaceOrientationLandscapeLeft UIInterfaceOrientationLandscapeRight";
				LD_RUNPATH_SEARCH_PATHS = (
					"$(inherited)",
					"@executable_path/Frameworks",
				);
				MARKETING_VERSION = 1.0;
				PRODUCT_BUNDLE_IDENTIFIER = com.carolinaortega.Roll;
				PRODUCT_NAME = Roll;
				SWIFT_EMIT_LOC_STRINGS = YES;
				SWIFT_VERSION = 5.0;
				TARGETED_DEVICE_FAMILY = "1,2";
			};
			name = Release;
		};
/* End XCBuildConfiguration section */

/* Begin XCConfigurationList section */
		A0FC3CFF284F93C400E09C7A /* Build configuration list for PBXProject "Roll" */ = {
			isa = XCConfigurationList;
			buildConfigurations = (
				A0FC3D12284F93C600E09C7A /* Debug */,
				A0FC3D13284F93C600E09C7A /* Release */,
			);
			defaultConfigurationIsVisible = 0;
			defaultConfigurationName = Release;
		};
		A0FC3D14284F93C600E09C7A /* Build configuration list for PBXNativeTarget "Roll" */ = {
			isa = XCConfigurationList;
			buildConfigurations = (
				A0FC3D15284F93C600E09C7A /* Debug */,
				A0FC3D16284F93C600E09C7A /* Release */,
			);
			defaultConfigurationIsVisible = 0;
			defaultConfigurationName = Release;
		};
/* End XCConfigurationList section */

/* Begin XCRemoteSwiftPackageReference section */
		A0FC3D17284FBD1D00E09C7A /* XCRemoteSwiftPackageReference "FocusEntity" */ = {
			isa = XCRemoteSwiftPackageReference;
			repositoryURL = "https://github.com/maxxfrazer/FocusEntity";
			requirement = {
				branch = main;
				kind = branch;
			};
		};
/* End XCRemoteSwiftPackageReference section */

/* Begin XCSwiftPackageProductDependency section */
		A0FC3D18284FBD1D00E09C7A /* FocusEntity */ = {
			isa = XCSwiftPackageProductDependency;
			package = A0FC3D17284FBD1D00E09C7A /* XCRemoteSwiftPackageReference "FocusEntity" */;
			productName = FocusEntity;
		};
/* End XCSwiftPackageProductDependency section */
	};
	rootObject = A0FC3CFC284F93C400E09C7A /* Project object */;
}
